// !$*UTF8*$!
{
	archiveVersion = 1;
	classes = {
	};
	objectVersion = 77;
	objects = {

/* Begin PBXBuildFile section */
		2F4732562E57481800A9F9DD /* FirebaseAuth in Frameworks */ = {isa = PBXBuildFile; productRef = 2F4732552E57481800A9F9DD /* FirebaseAuth */; };
		2F4732582E57481800A9F9DD /* FirebaseFirestore in Frameworks */ = {isa = PBXBuildFile; productRef = 2F4732572E57481800A9F9DD /* FirebaseFirestore */; };
/* End PBXBuildFile section */

/* Begin PBXContainerItemProxy section */
		2FD8BBAD2E51921F002AE75D /* PBXContainerItemProxy */ = {
			isa = PBXContainerItemProxy;
			containerPortal = 2FD8BB972E51921D002AE75D /* Project object */;
			proxyType = 1;
			remoteGlobalIDString = 2FD8BB9E2E51921D002AE75D;
			remoteInfo = SpendMart;
		};
		2FD8BBB72E51921F002AE75D /* PBXContainerItemProxy */ = {
			isa = PBXContainerItemProxy;
			containerPortal = 2FD8BB972E51921D002AE75D /* Project object */;
			proxyType = 1;
			remoteGlobalIDString = 2FD8BB9E2E51921D002AE75D;
			remoteInfo = SpendMart;
		};
/* End PBXContainerItemProxy section */

/* Begin PBXFileReference section */
		2FD8BB9F2E51921D002AE75D /* SpendMart.app */ = {isa = PBXFileReference; explicitFileType = wrapper.application; includeInIndex = 0; path = SpendMart.app; sourceTree = BUILT_PRODUCTS_DIR; };
		2FD8BBAC2E51921F002AE75D /* SpendMartTests.xctest */ = {isa = PBXFileReference; explicitFileType = wrapper.cfbundle; includeInIndex = 0; path = SpendMartTests.xctest; sourceTree = BUILT_PRODUCTS_DIR; };
		2FD8BBB62E51921F002AE75D /* SpendMartUITests.xctest */ = {isa = PBXFileReference; explicitFileType = wrapper.cfbundle; includeInIndex = 0; path = SpendMartUITests.xctest; sourceTree = BUILT_PRODUCTS_DIR; };
/* End PBXFileReference section */

/* Begin PBXFileSystemSynchronizedBuildFileExceptionSet section */
		2F4732632E574E7600A9F9DD /* Exceptions for "SpendMart" folder in "SpendMartTests" target */ = {
			isa = PBXFileSystemSynchronizedBuildFileExceptionSet;
			membershipExceptions = (
				"App/GoogleService-Info.plist",
			);
			target = 2FD8BBAB2E51921F002AE75D /* SpendMartTests */;
		};
		2F4732642E574E7600A9F9DD /* Exceptions for "SpendMart" folder in "SpendMartUITests" target */ = {
			isa = PBXFileSystemSynchronizedBuildFileExceptionSet;
			membershipExceptions = (
				"App/GoogleService-Info.plist",
			);
			target = 2FD8BBB52E51921F002AE75D /* SpendMartUITests */;
		};
/* End PBXFileSystemSynchronizedBuildFileExceptionSet section */

/* Begin PBXFileSystemSynchronizedRootGroup section */
		2FD8BBA12E51921D002AE75D /* SpendMart */ = {
			isa = PBXFileSystemSynchronizedRootGroup;
			exceptions = (
				2F4732632E574E7600A9F9DD /* Exceptions for "SpendMart" folder in "SpendMartTests" target */,
				2F4732642E574E7600A9F9DD /* Exceptions for "SpendMart" folder in "SpendMartUITests" target */,
			);
			path = SpendMart;
			sourceTree = "<group>";
		};
		2FD8BBAF2E51921F002AE75D /* SpendMartTests */ = {
			isa = PBXFileSystemSynchronizedRootGroup;
			path = SpendMartTests;
			sourceTree = "<group>";
		};
		2FD8BBB92E51921F002AE75D /* SpendMartUITests */ = {
			isa = PBXFileSystemSynchronizedRootGroup;
			path = SpendMartUITests;
			sourceTree = "<group>";
		};
/* End PBXFileSystemSynchronizedRootGroup section */

/* Begin PBXFrameworksBuildPhase section */
		2FD8BB9C2E51921D002AE75D /* Frameworks */ = {
			isa = PBXFrameworksBuildPhase;
			buildActionMask = 2147483647;
			files = (
				2F4732562E57481800A9F9DD /* FirebaseAuth in Frameworks */,
				2F4732582E57481800A9F9DD /* FirebaseFirestore in Frameworks */,
			);
			runOnlyForDeploymentPostprocessing = 0;
		};
		2FD8BBA92E51921F002AE75D /* Frameworks */ = {
			isa = PBXFrameworksBuildPhase;
			buildActionMask = 2147483647;
			files = (
			);
			runOnlyForDeploymentPostprocessing = 0;
		};
		2FD8BBB32E51921F002AE75D /* Frameworks */ = {
			isa = PBXFrameworksBuildPhase;
			buildActionMask = 2147483647;
			files = (
			);
			runOnlyForDeploymentPostprocessing = 0;
		};
/* End PBXFrameworksBuildPhase section */

/* Begin PBXGroup section */
		2FD8BB962E51921D002AE75D = {
			isa = PBXGroup;
			children = (
				2FD8BBA12E51921D002AE75D /* SpendMart */,
				2FD8BBAF2E51921F002AE75D /* SpendMartTests */,
				2FD8BBB92E51921F002AE75D /* SpendMartUITests */,
				2FD8BBA02E51921D002AE75D /* Products */,
			);
			sourceTree = "<group>";
		};
		2FD8BBA02E51921D002AE75D /* Products */ = {
			isa = PBXGroup;
			children = (
				2FD8BB9F2E51921D002AE75D /* SpendMart.app */,
				2FD8BBAC2E51921F002AE75D /* SpendMartTests.xctest */,
				2FD8BBB62E51921F002AE75D /* SpendMartUITests.xctest */,
			);
			name = Products;
			sourceTree = "<group>";
		};
/* End PBXGroup section */

/* Begin PBXNativeTarget section */
		2FD8BB9E2E51921D002AE75D /* SpendMart */ = {
			isa = PBXNativeTarget;
			buildConfigurationList = 2FD8BBC02E51921F002AE75D /* Build configuration list for PBXNativeTarget "SpendMart" */;
			buildPhases = (
				2FD8BB9B2E51921D002AE75D /* Sources */,
				2FD8BB9C2E51921D002AE75D /* Frameworks */,
				2FD8BB9D2E51921D002AE75D /* Resources */,
			);
			buildRules = (
			);
			dependencies = (
			);
			fileSystemSynchronizedGroups = (
				2FD8BBA12E51921D002AE75D /* SpendMart */,
			);
			name = SpendMart;
			packageProductDependencies = (
				2F4732552E57481800A9F9DD /* FirebaseAuth */,
				2F4732572E57481800A9F9DD /* FirebaseFirestore */,
			);
			productName = SpendMart;
			productReference = 2FD8BB9F2E51921D002AE75D /* SpendMart.app */;
			productType = "com.apple.product-type.application";
		};
		2FD8BBAB2E51921F002AE75D /* SpendMartTests */ = {
			isa = PBXNativeTarget;
			buildConfigurationList = 2FD8BBC32E51921F002AE75D /* Build configuration list for PBXNativeTarget "SpendMartTests" */;
			buildPhases = (
				2FD8BBA82E51921F002AE75D /* Sources */,
				2FD8BBA92E51921F002AE75D /* Frameworks */,
				2FD8BBAA2E51921F002AE75D /* Resources */,
			);
			buildRules = (
			);
			dependencies = (
				2FD8BBAE2E51921F002AE75D /* PBXTargetDependency */,
			);
			fileSystemSynchronizedGroups = (
				2FD8BBAF2E51921F002AE75D /* SpendMartTests */,
			);
			name = SpendMartTests;
			packageProductDependencies = (
			);
			productName = SpendMartTests;
			productReference = 2FD8BBAC2E51921F002AE75D /* SpendMartTests.xctest */;
			productType = "com.apple.product-type.bundle.unit-test";
		};
		2FD8BBB52E51921F002AE75D /* SpendMartUITests */ = {
			isa = PBXNativeTarget;
			buildConfigurationList = 2FD8BBC62E51921F002AE75D /* Build configuration list for PBXNativeTarget "SpendMartUITests" */;
			buildPhases = (
				2FD8BBB22E51921F002AE75D /* Sources */,
				2FD8BBB32E51921F002AE75D /* Frameworks */,
				2FD8BBB42E51921F002AE75D /* Resources */,
			);
			buildRules = (
			);
			dependencies = (
				2FD8BBB82E51921F002AE75D /* PBXTargetDependency */,
			);
			fileSystemSynchronizedGroups = (
				2FD8BBB92E51921F002AE75D /* SpendMartUITests */,
			);
			name = SpendMartUITests;
			packageProductDependencies = (
			);
			productName = SpendMartUITests;
			productReference = 2FD8BBB62E51921F002AE75D /* SpendMartUITests.xctest */;
			productType = "com.apple.product-type.bundle.ui-testing";
		};
/* End PBXNativeTarget section */

/* Begin PBXProject section */
		2FD8BB972E51921D002AE75D /* Project object */ = {
			isa = PBXProject;
			attributes = {
				BuildIndependentTargetsInParallel = 1;
				LastSwiftUpdateCheck = 1630;
				LastUpgradeCheck = 1630;
				TargetAttributes = {
					2FD8BB9E2E51921D002AE75D = {
						CreatedOnToolsVersion = 16.3;
					};
					2FD8BBAB2E51921F002AE75D = {
						CreatedOnToolsVersion = 16.3;
						TestTargetID = 2FD8BB9E2E51921D002AE75D;
					};
					2FD8BBB52E51921F002AE75D = {
						CreatedOnToolsVersion = 16.3;
						TestTargetID = 2FD8BB9E2E51921D002AE75D;
					};
				};
			};
			buildConfigurationList = 2FD8BB9A2E51921D002AE75D /* Build configuration list for PBXProject "SpendMart" */;
			developmentRegion = en;
			hasScannedForEncodings = 0;
			knownRegions = (
				en,
				Base,
			);
			mainGroup = 2FD8BB962E51921D002AE75D;
			minimizedProjectReferenceProxies = 1;
			packageReferences = (
				2F4732542E57478000A9F9DD /* XCRemoteSwiftPackageReference "firebase-ios-sdk" */,
			);
			preferredProjectObjectVersion = 77;
			productRefGroup = 2FD8BBA02E51921D002AE75D /* Products */;
			projectDirPath = "";
			projectRoot = "";
			targets = (
				2FD8BB9E2E51921D002AE75D /* SpendMart */,
				2FD8BBAB2E51921F002AE75D /* SpendMartTests */,
				2FD8BBB52E51921F002AE75D /* SpendMartUITests */,
			);
		};
/* End PBXProject section */

/* Begin PBXResourcesBuildPhase section */
		2FD8BB9D2E51921D002AE75D /* Resources */ = {
			isa = PBXResourcesBuildPhase;
			buildActionMask = 2147483647;
			files = (
			);
			runOnlyForDeploymentPostprocessing = 0;
		};
		2FD8BBAA2E51921F002AE75D /* Resources */ = {
			isa = PBXResourcesBuildPhase;
			buildActionMask = 2147483647;
			files = (
			);
			runOnlyForDeploymentPostprocessing = 0;
		};
		2FD8BBB42E51921F002AE75D /* Resources */ = {
			isa = PBXResourcesBuildPhase;
			buildActionMask = 2147483647;
			files = (
			);
			runOnlyForDeploymentPostprocessing = 0;
		};
/* End PBXResourcesBuildPhase section */

/* Begin PBXSourcesBuildPhase section */
		2FD8BB9B2E51921D002AE75D /* Sources */ = {
			isa = PBXSourcesBuildPhase;
			buildActionMask = 2147483647;
			files = (
			);
			runOnlyForDeploymentPostprocessing = 0;
		};
		2FD8BBA82E51921F002AE75D /* Sources */ = {
			isa = PBXSourcesBuildPhase;
			buildActionMask = 2147483647;
			files = (
			);
			runOnlyForDeploymentPostprocessing = 0;
		};
		2FD8BBB22E51921F002AE75D /* Sources */ = {
			isa = PBXSourcesBuildPhase;
			buildActionMask = 2147483647;
			files = (
			);
			runOnlyForDeploymentPostprocessing = 0;
		};
/* End PBXSourcesBuildPhase section */

/* Begin PBXTargetDependency section */
		2FD8BBAE2E51921F002AE75D /* PBXTargetDependency */ = {
			isa = PBXTargetDependency;
			target = 2FD8BB9E2E51921D002AE75D /* SpendMart */;
			targetProxy = 2FD8BBAD2E51921F002AE75D /* PBXContainerItemProxy */;
		};
		2FD8BBB82E51921F002AE75D /* PBXTargetDependency */ = {
			isa = PBXTargetDependency;
			target = 2FD8BB9E2E51921D002AE75D /* SpendMart */;
			targetProxy = 2FD8BBB72E51921F002AE75D /* PBXContainerItemProxy */;
		};
/* End PBXTargetDependency section */

/* Begin XCBuildConfiguration section */
		2FD8BBBE2E51921F002AE75D /* Debug */ = {
			isa = XCBuildConfiguration;
			buildSettings = {
				ALWAYS_SEARCH_USER_PATHS = NO;
				ASSETCATALOG_COMPILER_GENERATE_SWIFT_ASSET_SYMBOL_EXTENSIONS = YES;
				CLANG_ANALYZER_NONNULL = YES;
				CLANG_ANALYZER_NUMBER_OBJECT_CONVERSION = YES_AGGRESSIVE;
				CLANG_CXX_LANGUAGE_STANDARD = "gnu++20";
				CLANG_ENABLE_MODULES = YES;
				CLANG_ENABLE_OBJC_ARC = YES;
				CLANG_ENABLE_OBJC_WEAK = YES;
				CLANG_WARN_BLOCK_CAPTURE_AUTORELEASING = YES;
				CLANG_WARN_BOOL_CONVERSION = YES;
				CLANG_WARN_COMMA = YES;
				CLANG_WARN_CONSTANT_CONVERSION = YES;
				CLANG_WARN_DEPRECATED_OBJC_IMPLEMENTATIONS = YES;
				CLANG_WARN_DIRECT_OBJC_ISA_USAGE = YES_ERROR;
				CLANG_WARN_DOCUMENTATION_COMMENTS = YES;
				CLANG_WARN_EMPTY_BODY = YES;
				CLANG_WARN_ENUM_CONVERSION = YES;
				CLANG_WARN_INFINITE_RECURSION = YES;
				CLANG_WARN_INT_CONVERSION = YES;
				CLANG_WARN_NON_LITERAL_NULL_CONVERSION = YES;
				CLANG_WARN_OBJC_IMPLICIT_RETAIN_SELF = YES;
				CLANG_WARN_OBJC_LITERAL_CONVERSION = YES;
				CLANG_WARN_OBJC_ROOT_CLASS = YES_ERROR;
				CLANG_WARN_QUOTED_INCLUDE_IN_FRAMEWORK_HEADER = YES;
				CLANG_WARN_RANGE_LOOP_ANALYSIS = YES;
				CLANG_WARN_STRICT_PROTOTYPES = YES;
				CLANG_WARN_SUSPICIOUS_MOVE = YES;
				CLANG_WARN_UNGUARDED_AVAILABILITY = YES_AGGRESSIVE;
				CLANG_WARN_UNREACHABLE_CODE = YES;
				CLANG_WARN__DUPLICATE_METHOD_MATCH = YES;
				COPY_PHASE_STRIP = NO;
				DEBUG_INFORMATION_FORMAT = dwarf;
				ENABLE_STRICT_OBJC_MSGSEND = YES;
				ENABLE_TESTABILITY = YES;
				ENABLE_USER_SCRIPT_SANDBOXING = YES;
				GCC_C_LANGUAGE_STANDARD = gnu17;
				GCC_DYNAMIC_NO_PIC = NO;
				GCC_NO_COMMON_BLOCKS = YES;
				GCC_OPTIMIZATION_LEVEL = 0;
				GCC_PREPROCESSOR_DEFINITIONS = (
					"DEBUG=1",
					"$(inherited)",
				);
				GCC_WARN_64_TO_32_BIT_CONVERSION = YES;
				GCC_WARN_ABOUT_RETURN_TYPE = YES_ERROR;
				GCC_WARN_UNDECLARED_SELECTOR = YES;
				GCC_WARN_UNINITIALIZED_AUTOS = YES_AGGRESSIVE;
				GCC_WARN_UNUSED_FUNCTION = YES;
				GCC_WARN_UNUSED_VARIABLE = YES;
				IPHONEOS_DEPLOYMENT_TARGET = 18.4;
				LOCALIZATION_PREFERS_STRING_CATALOGS = YES;
				MTL_ENABLE_DEBUG_INFO = INCLUDE_SOURCE;
				MTL_FAST_MATH = YES;
				ONLY_ACTIVE_ARCH = YES;
				SDKROOT = iphoneos;
				SWIFT_ACTIVE_COMPILATION_CONDITIONS = "DEBUG $(inherited)";
				SWIFT_OPTIMIZATION_LEVEL = "-Onone";
			};
			name = Debug;
		};
		2FD8BBBF2E51921F002AE75D /* Release */ = {
			isa = XCBuildConfiguration;
			buildSettings = {
				ALWAYS_SEARCH_USER_PATHS = NO;
				ASSETCATALOG_COMPILER_GENERATE_SWIFT_ASSET_SYMBOL_EXTENSIONS = YES;
				CLANG_ANALYZER_NONNULL = YES;
				CLANG_ANALYZER_NUMBER_OBJECT_CONVERSION = YES_AGGRESSIVE;
				CLANG_CXX_LANGUAGE_STANDARD = "gnu++20";
				CLANG_ENABLE_MODULES = YES;
				CLANG_ENABLE_OBJC_ARC = YES;
				CLANG_ENABLE_OBJC_WEAK = YES;
				CLANG_WARN_BLOCK_CAPTURE_AUTORELEASING = YES;
				CLANG_WARN_BOOL_CONVERSION = YES;
				CLANG_WARN_COMMA = YES;
				CLANG_WARN_CONSTANT_CONVERSION = YES;
				CLANG_WARN_DEPRECATED_OBJC_IMPLEMENTATIONS = YES;
				CLANG_WARN_DIRECT_OBJC_ISA_USAGE = YES_ERROR;
				CLANG_WARN_DOCUMENTATION_COMMENTS = YES;
				CLANG_WARN_EMPTY_BODY = YES;
				CLANG_WARN_ENUM_CONVERSION = YES;
				CLANG_WARN_INFINITE_RECURSION = YES;
				CLANG_WARN_INT_CONVERSION = YES;
				CLANG_WARN_NON_LITERAL_NULL_CONVERSION = YES;
				CLANG_WARN_OBJC_IMPLICIT_RETAIN_SELF = YES;
				CLANG_WARN_OBJC_LITERAL_CONVERSION = YES;
				CLANG_WARN_OBJC_ROOT_CLASS = YES_ERROR;
				CLANG_WARN_QUOTED_INCLUDE_IN_FRAMEWORK_HEADER = YES;
				CLANG_WARN_RANGE_LOOP_ANALYSIS = YES;
				CLANG_WARN_STRICT_PROTOTYPES = YES;
				CLANG_WARN_SUSPICIOUS_MOVE = YES;
				CLANG_WARN_UNGUARDED_AVAILABILITY = YES_AGGRESSIVE;
				CLANG_WARN_UNREACHABLE_CODE = YES;
				CLANG_WARN__DUPLICATE_METHOD_MATCH = YES;
				COPY_PHASE_STRIP = NO;
				DEBUG_INFORMATION_FORMAT = "dwarf-with-dsym";
				ENABLE_NS_ASSERTIONS = NO;
				ENABLE_STRICT_OBJC_MSGSEND = YES;
				ENABLE_USER_SCRIPT_SANDBOXING = YES;
				GCC_C_LANGUAGE_STANDARD = gnu17;
				GCC_NO_COMMON_BLOCKS = YES;
				GCC_WARN_64_TO_32_BIT_CONVERSION = YES;
				GCC_WARN_ABOUT_RETURN_TYPE = YES_ERROR;
				GCC_WARN_UNDECLARED_SELECTOR = YES;
				GCC_WARN_UNINITIALIZED_AUTOS = YES_AGGRESSIVE;
				GCC_WARN_UNUSED_FUNCTION = YES;
				GCC_WARN_UNUSED_VARIABLE = YES;
				IPHONEOS_DEPLOYMENT_TARGET = 18.4;
				LOCALIZATION_PREFERS_STRING_CATALOGS = YES;
				MTL_ENABLE_DEBUG_INFO = NO;
				MTL_FAST_MATH = YES;
				SDKROOT = iphoneos;
				SWIFT_COMPILATION_MODE = wholemodule;
				VALIDATE_PRODUCT = YES;
			};
			name = Release;
		};
		2FD8BBC12E51921F002AE75D /* Debug */ = {
			isa = XCBuildConfiguration;
			buildSettings = {
				ASSETCATALOG_COMPILER_APPICON_NAME = AppIcon;
				ASSETCATALOG_COMPILER_GLOBAL_ACCENT_COLOR_NAME = AccentColor;
				CODE_SIGN_STYLE = Automatic;
				CURRENT_PROJECT_VERSION = 1;
				ENABLE_PREVIEWS = YES;
				GENERATE_INFOPLIST_FILE = YES;
				INFOPLIST_KEY_NSFaceIDUsageDescription = "SpendSmart uses Face ID to protect your financial data and unlock the app.";
				INFOPLIST_KEY_UIApplicationSceneManifest_Generation = YES;
				INFOPLIST_KEY_UIApplicationSupportsIndirectInputEvents = YES;
				INFOPLIST_KEY_UILaunchScreen_Generation = YES;
				INFOPLIST_KEY_UISupportedInterfaceOrientations_iPad = "UIInterfaceOrientationPortrait UIInterfaceOrientationPortraitUpsideDown UIInterfaceOrientationLandscapeLeft UIInterfaceOrientationLandscapeRight";
				INFOPLIST_KEY_UISupportedInterfaceOrientations_iPhone = "UIInterfaceOrientationPortrait UIInterfaceOrientationLandscapeLeft UIInterfaceOrientationLandscapeRight";
				LD_RUNPATH_SEARCH_PATHS = (
					"$(inherited)",
					"@executable_path/Frameworks",
				);
				MARKETING_VERSION = 1.0;
				PRODUCT_BUNDLE_IDENTIFIER = NIBM.SpendMart;
				PRODUCT_NAME = "$(TARGET_NAME)";
				SWIFT_EMIT_LOC_STRINGS = YES;
				SWIFT_VERSION = 5.0;
				TARGETED_DEVICE_FAMILY = "1,2";
			};
			name = Debug;
		};
		2FD8BBC22E51921F002AE75D /* Release */ = {
			isa = XCBuildConfiguration;
			buildSettings = {
				ASSETCATALOG_COMPILER_APPICON_NAME = AppIcon;
				ASSETCATALOG_COMPILER_GLOBAL_ACCENT_COLOR_NAME = AccentColor;
				CODE_SIGN_STYLE = Automatic;
				CURRENT_PROJECT_VERSION = 1;
				ENABLE_PREVIEWS = YES;
				GENERATE_INFOPLIST_FILE = YES;
				INFOPLIST_KEY_NSFaceIDUsageDescription = "SpendSmart uses Face ID to protect your financial data and unlock the app.";
				INFOPLIST_KEY_UIApplicationSceneManifest_Generation = YES;
				INFOPLIST_KEY_UIApplicationSupportsIndirectInputEvents = YES;
				INFOPLIST_KEY_UILaunchScreen_Generation = YES;
				INFOPLIST_KEY_UISupportedInterfaceOrientations_iPad = "UIInterfaceOrientationPortrait UIInterfaceOrientationPortraitUpsideDown UIInterfaceOrientationLandscapeLeft UIInterfaceOrientationLandscapeRight";
				INFOPLIST_KEY_UISupportedInterfaceOrientations_iPhone = "UIInterfaceOrientationPortrait UIInterfaceOrientationLandscapeLeft UIInterfaceOrientationLandscapeRight";
				LD_RUNPATH_SEARCH_PATHS = (
					"$(inherited)",
					"@executable_path/Frameworks",
				);
				MARKETING_VERSION = 1.0;
				PRODUCT_BUNDLE_IDENTIFIER = NIBM.SpendMart;
				PRODUCT_NAME = "$(TARGET_NAME)";
				SWIFT_EMIT_LOC_STRINGS = YES;
				SWIFT_VERSION = 5.0;
				TARGETED_DEVICE_FAMILY = "1,2";
			};
			name = Release;
		};
		2FD8BBC42E51921F002AE75D /* Debug */ = {
			isa = XCBuildConfiguration;
			buildSettings = {
				BUNDLE_LOADER = "$(TEST_HOST)";
				CODE_SIGN_STYLE = Automatic;
				CURRENT_PROJECT_VERSION = 1;
				GENERATE_INFOPLIST_FILE = YES;
				IPHONEOS_DEPLOYMENT_TARGET = 18.4;
				MARKETING_VERSION = 1.0;
				PRODUCT_BUNDLE_IDENTIFIER = NIBM.SpendMartTests;
				PRODUCT_NAME = "$(TARGET_NAME)";
				SWIFT_EMIT_LOC_STRINGS = NO;
				SWIFT_VERSION = 5.0;
				TARGETED_DEVICE_FAMILY = "1,2";
				TEST_HOST = "$(BUILT_PRODUCTS_DIR)/SpendMart.app/$(BUNDLE_EXECUTABLE_FOLDER_PATH)/SpendMart";
			};
			name = Debug;
		};
		2FD8BBC52E51921F002AE75D /* Release */ = {
			isa = XCBuildConfiguration;
			buildSettings = {
				BUNDLE_LOADER = "$(TEST_HOST)";
				CODE_SIGN_STYLE = Automatic;
				CURRENT_PROJECT_VERSION = 1;
				GENERATE_INFOPLIST_FILE = YES;
				IPHONEOS_DEPLOYMENT_TARGET = 18.4;
				MARKETING_VERSION = 1.0;
				PRODUCT_BUNDLE_IDENTIFIER = NIBM.SpendMartTests;
				PRODUCT_NAME = "$(TARGET_NAME)";
				SWIFT_EMIT_LOC_STRINGS = NO;
				SWIFT_VERSION = 5.0;
				TARGETED_DEVICE_FAMILY = "1,2";
				TEST_HOST = "$(BUILT_PRODUCTS_DIR)/SpendMart.app/$(BUNDLE_EXECUTABLE_FOLDER_PATH)/SpendMart";
			};
			name = Release;
		};
		2FD8BBC72E51921F002AE75D /* Debug */ = {
			isa = XCBuildConfiguration;
			buildSettings = {
				CODE_SIGN_STYLE = Automatic;
				CURRENT_PROJECT_VERSION = 1;
				GENERATE_INFOPLIST_FILE = YES;
				MARKETING_VERSION = 1.0;
				PRODUCT_BUNDLE_IDENTIFIER = NIBM.SpendMartUITests;
				PRODUCT_NAME = "$(TARGET_NAME)";
				SWIFT_EMIT_LOC_STRINGS = NO;
				SWIFT_VERSION = 5.0;
				TARGETED_DEVICE_FAMILY = "1,2";
				TEST_TARGET_NAME = SpendMart;
			};
			name = Debug;
		};
		2FD8BBC82E51921F002AE75D /* Release */ = {
			isa = XCBuildConfiguration;
			buildSettings = {
				CODE_SIGN_STYLE = Automatic;
				CURRENT_PROJECT_VERSION = 1;
				GENERATE_INFOPLIST_FILE = YES;
				MARKETING_VERSION = 1.0;
				PRODUCT_BUNDLE_IDENTIFIER = NIBM.SpendMartUITests;
				PRODUCT_NAME = "$(TARGET_NAME)";
				SWIFT_EMIT_LOC_STRINGS = NO;
				SWIFT_VERSION = 5.0;
				TARGETED_DEVICE_FAMILY = "1,2";
				TEST_TARGET_NAME = SpendMart;
			};
			name = Release;
		};
/* End XCBuildConfiguration section */

/* Begin XCConfigurationList section */
		2FD8BB9A2E51921D002AE75D /* Build configuration list for PBXProject "SpendMart" */ = {
			isa = XCConfigurationList;
			buildConfigurations = (
				2FD8BBBE2E51921F002AE75D /* Debug */,
				2FD8BBBF2E51921F002AE75D /* Release */,
			);
			defaultConfigurationIsVisible = 0;
			defaultConfigurationName = Release;
		};
		2FD8BBC02E51921F002AE75D /* Build configuration list for PBXNativeTarget "SpendMart" */ = {
			isa = XCConfigurationList;
			buildConfigurations = (
				2FD8BBC12E51921F002AE75D /* Debug */,
				2FD8BBC22E51921F002AE75D /* Release */,
			);
			defaultConfigurationIsVisible = 0;
			defaultConfigurationName = Release;
		};
		2FD8BBC32E51921F002AE75D /* Build configuration list for PBXNativeTarget "SpendMartTests" */ = {
			isa = XCConfigurationList;
			buildConfigurations = (
				2FD8BBC42E51921F002AE75D /* Debug */,
				2FD8BBC52E51921F002AE75D /* Release */,
			);
			defaultConfigurationIsVisible = 0;
			defaultConfigurationName = Release;
		};
		2FD8BBC62E51921F002AE75D /* Build configuration list for PBXNativeTarget "SpendMartUITests" */ = {
			isa = XCConfigurationList;
			buildConfigurations = (
				2FD8BBC72E51921F002AE75D /* Debug */,
				2FD8BBC82E51921F002AE75D /* Release */,
			);
			defaultConfigurationIsVisible = 0;
			defaultConfigurationName = Release;
		};
/* End XCConfigurationList section */

/* Begin XCRemoteSwiftPackageReference section */
		2F4732542E57478000A9F9DD /* XCRemoteSwiftPackageReference "firebase-ios-sdk" */ = {
			isa = XCRemoteSwiftPackageReference;
			repositoryURL = "https://github.com/firebase/firebase-ios-sdk";
			requirement = {
				kind = upToNextMajorVersion;
				minimumVersion = 12.1.0;
			};
		};
/* End XCRemoteSwiftPackageReference section */

/* Begin XCSwiftPackageProductDependency section */
		2F4732552E57481800A9F9DD /* FirebaseAuth */ = {
			isa = XCSwiftPackageProductDependency;
			package = 2F4732542E57478000A9F9DD /* XCRemoteSwiftPackageReference "firebase-ios-sdk" */;
			productName = FirebaseAuth;
		};
		2F4732572E57481800A9F9DD /* FirebaseFirestore */ = {
			isa = XCSwiftPackageProductDependency;
			package = 2F4732542E57478000A9F9DD /* XCRemoteSwiftPackageReference "firebase-ios-sdk" */;
			productName = FirebaseFirestore;
		};
/* End XCSwiftPackageProductDependency section */
	};
	rootObject = 2FD8BB972E51921D002AE75D /* Project object */;
}
